
Microsoft Visual Studio Solution File, Format Version 12.00
# Visual Studio Version 17
VisualStudioVersion = 17.10.35027.167
MinimumVisualStudioVersion = 10.0.40219.1
Project("{FAE04EC0-301F-11D3-BF4B-00C04F79EFBC}") = "BlogApp", "BlogApp\BlogApp.csproj", "{3B5976F4-0EE9-45CC-9069-3EFF9D8C79B8}"
EndProject
Global
	GlobalSection(SolutionConfigurationPlatforms) = preSolution
		Debug|Any CPU = Debug|Any CPU
		Release|Any CPU = Release|Any CPU
	EndGlobalSection
	GlobalSection(ProjectConfigurationPlatforms) = postSolution
		{3B5976F4-0EE9-45CC-9069-3EFF9D8C79B8}.Debug|Any CPU.ActiveCfg = Debug|Any CPU
		{3B5976F4-0EE9-45CC-9069-3EFF9D8C79B8}.Debug|Any CPU.Build.0 = Debug|Any CPU
		{3B5976F4-0EE9-45CC-9069-3EFF9D8C79B8}.Release|Any CPU.ActiveCfg = Release|Any CPU
		{3B5976F4-0EE9-45CC-9069-3EFF9D8C79B8}.Release|Any CPU.Build.0 = Release|Any CPU
	EndGlobalSection
	GlobalSection(SolutionProperties) = preSolution
		HideSolutionNode = FALSE
	EndGlobalSection
	GlobalSection(ExtensibilityGlobals) = postSolution
		SolutionGuid = {BE3C809F-1CA5-4337-8A7E-3C80BBB09C4B}
	EndGlobalSection
EndGlobal
